
Microsoft Visual Studio Solution File, Format Version 12.00
# Visual Studio Version 17
VisualStudioVersion = 17.8.34330.188
MinimumVisualStudioVersion = 10.0.40219.1
Project("{FAE04EC0-301F-11D3-BF4B-00C04F79EFBC}") = "LoansManagementSystem", "LoansManagementSystem\LoansManagementSystem.csproj", "{599C774C-A6D2-4BE1-BFEF-70C56015F217}"
EndProject
Project("{FAE04EC0-301F-11D3-BF4B-00C04F79EFBC}") = "LoansProcessingSystem", "LoansProcessingSystem\LoansProcessingSystem.csproj", "{7975BDA1-89D1-4820-BD43-CE1C7ACFE87D}"
EndProject
Global
	GlobalSection(SolutionConfigurationPlatforms) = preSolution
		Debug|Any CPU = Debug|Any CPU
		Release|Any CPU = Release|Any CPU
	EndGlobalSection
	GlobalSection(ProjectConfigurationPlatforms) = postSolution
		{599C774C-A6D2-4BE1-BFEF-70C56015F217}.Debug|Any CPU.ActiveCfg = Debug|Any CPU
		{599C774C-A6D2-4BE1-BFEF-70C56015F217}.Debug|Any CPU.Build.0 = Debug|Any CPU
		{599C774C-A6D2-4BE1-BFEF-70C56015F217}.Release|Any CPU.ActiveCfg = Release|Any CPU
		{599C774C-A6D2-4BE1-BFEF-70C56015F217}.Release|Any CPU.Build.0 = Release|Any CPU
		{7975BDA1-89D1-4820-BD43-CE1C7ACFE87D}.Debug|Any CPU.ActiveCfg = Debug|Any CPU
		{7975BDA1-89D1-4820-BD43-CE1C7ACFE87D}.Debug|Any CPU.Build.0 = Debug|Any CPU
		{7975BDA1-89D1-4820-BD43-CE1C7ACFE87D}.Release|Any CPU.ActiveCfg = Release|Any CPU
		{7975BDA1-89D1-4820-BD43-CE1C7ACFE87D}.Release|Any CPU.Build.0 = Release|Any CPU
	EndGlobalSection
	GlobalSection(SolutionProperties) = preSolution
		HideSolutionNode = FALSE
	EndGlobalSection
	GlobalSection(ExtensibilityGlobals) = postSolution
		SolutionGuid = {B024B183-FF18-4D65-A4FA-A5397673769E}
	EndGlobalSection
EndGlobal
